
Microsoft Visual Studio Solution File, Format Version 12.00
# Visual Studio Version 17
VisualStudioVersion = 17.4.33205.214
MinimumVisualStudioVersion = 10.0.40219.1
Project("{FAE04EC0-301F-11D3-BF4B-00C04F79EFBC}") = "RyCL.Runner.Cli", "RyCL.Runner.Cli\RyCL.Runner.Cli.csproj", "{22BC5D58-A713-40A7-A1A8-2050B1C5BB2B}"
EndProject
Project("{FAE04EC0-301F-11D3-BF4B-00C04F79EFBC}") = "RyCL", "RyCL\RyCL.csproj", "{92835670-2A3A-4CC6-9366-BD5908DF3D25}"
EndProject
Project("{FAE04EC0-301F-11D3-BF4B-00C04F79EFBC}") = "RyCL.Runner.DX", "RyCL.Runner.DX\RyCL.Runner.DX.csproj", "{BE25AEFB-BBAD-47BF-B4E7-8251DB0DAF2E}"
EndProject
Global
	GlobalSection(SolutionConfigurationPlatforms) = preSolution
		Debug|Any CPU = Debug|Any CPU
		Release|Any CPU = Release|Any CPU
	EndGlobalSection
	GlobalSection(ProjectConfigurationPlatforms) = postSolution
		{22BC5D58-A713-40A7-A1A8-2050B1C5BB2B}.Debug|Any CPU.ActiveCfg = Debug|Any CPU
		{22BC5D58-A713-40A7-A1A8-2050B1C5BB2B}.Debug|Any CPU.Build.0 = Debug|Any CPU
		{22BC5D58-A713-40A7-A1A8-2050B1C5BB2B}.Release|Any CPU.ActiveCfg = Release|Any CPU
		{22BC5D58-A713-40A7-A1A8-2050B1C5BB2B}.Release|Any CPU.Build.0 = Release|Any CPU
		{92835670-2A3A-4CC6-9366-BD5908DF3D25}.Debug|Any CPU.ActiveCfg = Debug|Any CPU
		{92835670-2A3A-4CC6-9366-BD5908DF3D25}.Debug|Any CPU.Build.0 = Debug|Any CPU
		{92835670-2A3A-4CC6-9366-BD5908DF3D25}.Release|Any CPU.ActiveCfg = Release|Any CPU
		{92835670-2A3A-4CC6-9366-BD5908DF3D25}.Release|Any CPU.Build.0 = Release|Any CPU
		{BE25AEFB-BBAD-47BF-B4E7-8251DB0DAF2E}.Debug|Any CPU.ActiveCfg = Debug|Any CPU
		{BE25AEFB-BBAD-47BF-B4E7-8251DB0DAF2E}.Debug|Any CPU.Build.0 = Debug|Any CPU
		{BE25AEFB-BBAD-47BF-B4E7-8251DB0DAF2E}.Release|Any CPU.ActiveCfg = Release|Any CPU
		{BE25AEFB-BBAD-47BF-B4E7-8251DB0DAF2E}.Release|Any CPU.Build.0 = Release|Any CPU
	EndGlobalSection
	GlobalSection(SolutionProperties) = preSolution
		HideSolutionNode = FALSE
	EndGlobalSection
	GlobalSection(ExtensibilityGlobals) = postSolution
		SolutionGuid = {F8DC9878-5DF5-4CE4-85EE-7CFDF561D32E}
	EndGlobalSection
EndGlobal
